
Microsoft Visual Studio Solution File, Format Version 12.00
# Visual Studio Version 16
VisualStudioVersion = 16.0.31515.178
MinimumVisualStudioVersion = 10.0.40219.1
Project("{9A19103F-16F7-4668-BE54-9A1E7A4F7556}") = "BookStoreRefactoring", "BookStoreRefactoring\BookStoreRefactoring.csproj", "{1A8B6F47-29BD-4A87-B796-20050D2D5F6B}"
EndProject
Project("{9A19103F-16F7-4668-BE54-9A1E7A4F7556}") = "BookStore.DAL", "BookStore.DAL\BookStore.DAL.csproj", "{D67A56B0-4C6A-4766-9192-A068FB30BE02}"
EndProject
Project("{9A19103F-16F7-4668-BE54-9A1E7A4F7556}") = "BookStore.BL", "BookStore.BL\BookStore.BL.csproj", "{269E372E-FD33-40B6-89DC-B39334D97FBA}"
EndProject
Project("{9A19103F-16F7-4668-BE54-9A1E7A4F7556}") = "BookStore.Shared", "BookStore.Shared\BookStore.Shared.csproj", "{76FD66BD-1CA5-4351-846A-4B73A0D2E42F}"
EndProject
Project("{FAE04EC0-301F-11D3-BF4B-00C04F79EFBC}") = "BookStore.UnitTest", "BookStore.UnitTest\BookStore.UnitTest.csproj", "{D98E3EB7-A044-4F49-86EA-97D94AB8450D}"
EndProject
Global
	GlobalSection(SolutionConfigurationPlatforms) = preSolution
		Debug|Any CPU = Debug|Any CPU
		Release|Any CPU = Release|Any CPU
	EndGlobalSection
	GlobalSection(ProjectConfigurationPlatforms) = postSolution
		{1A8B6F47-29BD-4A87-B796-20050D2D5F6B}.Debug|Any CPU.ActiveCfg = Debug|Any CPU
		{1A8B6F47-29BD-4A87-B796-20050D2D5F6B}.Debug|Any CPU.Build.0 = Debug|Any CPU
		{1A8B6F47-29BD-4A87-B796-20050D2D5F6B}.Release|Any CPU.ActiveCfg = Release|Any CPU
		{1A8B6F47-29BD-4A87-B796-20050D2D5F6B}.Release|Any CPU.Build.0 = Release|Any CPU
		{D67A56B0-4C6A-4766-9192-A068FB30BE02}.Debug|Any CPU.ActiveCfg = Debug|Any CPU
		{D67A56B0-4C6A-4766-9192-A068FB30BE02}.Debug|Any CPU.Build.0 = Debug|Any CPU
		{D67A56B0-4C6A-4766-9192-A068FB30BE02}.Release|Any CPU.ActiveCfg = Release|Any CPU
		{D67A56B0-4C6A-4766-9192-A068FB30BE02}.Release|Any CPU.Build.0 = Release|Any CPU
		{269E372E-FD33-40B6-89DC-B39334D97FBA}.Debug|Any CPU.ActiveCfg = Debug|Any CPU
		{269E372E-FD33-40B6-89DC-B39334D97FBA}.Debug|Any CPU.Build.0 = Debug|Any CPU
		{269E372E-FD33-40B6-89DC-B39334D97FBA}.Release|Any CPU.ActiveCfg = Release|Any CPU
		{269E372E-FD33-40B6-89DC-B39334D97FBA}.Release|Any CPU.Build.0 = Release|Any CPU
		{76FD66BD-1CA5-4351-846A-4B73A0D2E42F}.Debug|Any CPU.ActiveCfg = Debug|Any CPU
		{76FD66BD-1CA5-4351-846A-4B73A0D2E42F}.Debug|Any CPU.Build.0 = Debug|Any CPU
		{76FD66BD-1CA5-4351-846A-4B73A0D2E42F}.Release|Any CPU.ActiveCfg = Release|Any CPU
		{76FD66BD-1CA5-4351-846A-4B73A0D2E42F}.Release|Any CPU.Build.0 = Release|Any CPU
		{D98E3EB7-A044-4F49-86EA-97D94AB8450D}.Debug|Any CPU.ActiveCfg = Debug|Any CPU
		{D98E3EB7-A044-4F49-86EA-97D94AB8450D}.Debug|Any CPU.Build.0 = Debug|Any CPU
		{D98E3EB7-A044-4F49-86EA-97D94AB8450D}.Release|Any CPU.ActiveCfg = Release|Any CPU
		{D98E3EB7-A044-4F49-86EA-97D94AB8450D}.Release|Any CPU.Build.0 = Release|Any CPU
	EndGlobalSection
	GlobalSection(SolutionProperties) = preSolution
		HideSolutionNode = FALSE
	EndGlobalSection
	GlobalSection(ExtensibilityGlobals) = postSolution
		SolutionGuid = {B1B6BAC2-7CF8-48D6-A605-EECBFDDBFEED}
	EndGlobalSection
EndGlobal
